lockfileVersion: '9.0'

settings:
  autoInstallPeers: true
  excludeLinksFromLockfile: false

importers:
  .:
    dependencies:
      expo:
        specifier: ~55.0.9
        version: 55.0.9(@babel/core@7.26.0)(@types/node@20.17.6)
      react:
        specifier: 19.2.0
        version: 19.2.0
      react-native:
        specifier: ^0.83.4
        version: 0.83.4(@babel/core@7.26.0)(@types/react@19.2.10)

  apps/mobile:
    {}

  office-game:
    {}

